
Microsoft Visual Studio Solution File, Format Version 12.00
Project("{FAE04EC0-301F-11D3-BF4B-00C04F79EFBC}") = "EventBus", "EventBus\EventBus\EventBus.csproj", "{F27C2F92-14C3-4A19-93BE-0D9803AB2CC2}"
EndProject
Project("{FAE04EC0-301F-11D3-BF4B-00C04F79EFBC}") = "EventBusServiceBus", "EventBus\EventBusServiceBus\EventBusServiceBus.csproj", "{63CDF22D-051A-4F9C-AB6B-40E2D210FC0A}"
EndProject
Project("{FAE04EC0-301F-11D3-BF4B-00C04F79EFBC}") = "EventBusRabbitMQ", "EventBus\EventBusRabbitMQ\EventBusRabbitMQ.csproj", "{9B8A6E02-E40A-4F6F-B43F-1DC3F92B4AE4}"
EndProject
Project("{FAE04EC0-301F-11D3-BF4B-00C04F79EFBC}") = "EventBus.Tests", "EventBus\EventBus.Tests\EventBus.Tests.csproj", "{43B4634C-2F53-414C-A88E-A3773556FF8B}"
EndProject
Project("{FAE04EC0-301F-11D3-BF4B-00C04F79EFBC}") = "IntegrationEventLogEF", "EventBus\IntegrationEventLogEF\IntegrationEventLogEF.csproj", "{CFE357F8-B417-434E-957F-D2A9FDF917F9}"
EndProject
Global
	GlobalSection(SolutionConfigurationPlatforms) = preSolution
		Debug|Any CPU = Debug|Any CPU
		Release|Any CPU = Release|Any CPU
	EndGlobalSection
	GlobalSection(ProjectConfigurationPlatforms) = postSolution
		{F27C2F92-14C3-4A19-93BE-0D9803AB2CC2}.Debug|Any CPU.ActiveCfg = Debug|Any CPU
		{F27C2F92-14C3-4A19-93BE-0D9803AB2CC2}.Debug|Any CPU.Build.0 = Debug|Any CPU
		{F27C2F92-14C3-4A19-93BE-0D9803AB2CC2}.Release|Any CPU.ActiveCfg = Release|Any CPU
		{F27C2F92-14C3-4A19-93BE-0D9803AB2CC2}.Release|Any CPU.Build.0 = Release|Any CPU
		{63CDF22D-051A-4F9C-AB6B-40E2D210FC0A}.Debug|Any CPU.ActiveCfg = Debug|Any CPU
		{63CDF22D-051A-4F9C-AB6B-40E2D210FC0A}.Debug|Any CPU.Build.0 = Debug|Any CPU
		{63CDF22D-051A-4F9C-AB6B-40E2D210FC0A}.Release|Any CPU.ActiveCfg = Release|Any CPU
		{63CDF22D-051A-4F9C-AB6B-40E2D210FC0A}.Release|Any CPU.Build.0 = Release|Any CPU
		{9B8A6E02-E40A-4F6F-B43F-1DC3F92B4AE4}.Debug|Any CPU.ActiveCfg = Debug|Any CPU
		{9B8A6E02-E40A-4F6F-B43F-1DC3F92B4AE4}.Debug|Any CPU.Build.0 = Debug|Any CPU
		{9B8A6E02-E40A-4F6F-B43F-1DC3F92B4AE4}.Release|Any CPU.ActiveCfg = Release|Any CPU
		{9B8A6E02-E40A-4F6F-B43F-1DC3F92B4AE4}.Release|Any CPU.Build.0 = Release|Any CPU
		{43B4634C-2F53-414C-A88E-A3773556FF8B}.Debug|Any CPU.ActiveCfg = Debug|Any CPU
		{43B4634C-2F53-414C-A88E-A3773556FF8B}.Debug|Any CPU.Build.0 = Debug|Any CPU
		{43B4634C-2F53-414C-A88E-A3773556FF8B}.Release|Any CPU.ActiveCfg = Release|Any CPU
		{43B4634C-2F53-414C-A88E-A3773556FF8B}.Release|Any CPU.Build.0 = Release|Any CPU
		{CFE357F8-B417-434E-957F-D2A9FDF917F9}.Debug|Any CPU.ActiveCfg = Debug|Any CPU
		{CFE357F8-B417-434E-957F-D2A9FDF917F9}.Debug|Any CPU.Build.0 = Debug|Any CPU
		{CFE357F8-B417-434E-957F-D2A9FDF917F9}.Release|Any CPU.ActiveCfg = Release|Any CPU
		{CFE357F8-B417-434E-957F-D2A9FDF917F9}.Release|Any CPU.Build.0 = Release|Any CPU
	EndGlobalSection
EndGlobal
